
Microsoft Visual Studio Solution File, Format Version 12.00
# Visual Studio Version 17
VisualStudioVersion = 17.8.34525.116
MinimumVisualStudioVersion = 10.0.40219.1
Project("{FAE04EC0-301F-11D3-BF4B-00C04F79EFBC}") = "Online Banking Transaction System", "Online Banking Transaction System\Online Banking Transaction System.csproj", "{EF2DD48A-9D38-4DF9-B73B-0187D5B940ED}"
EndProject
Global
	GlobalSection(SolutionConfigurationPlatforms) = preSolution
		Debug|Any CPU = Debug|Any CPU
		Release|Any CPU = Release|Any CPU
	EndGlobalSection
	GlobalSection(ProjectConfigurationPlatforms) = postSolution
		{EF2DD48A-9D38-4DF9-B73B-0187D5B940ED}.Debug|Any CPU.ActiveCfg = Debug|Any CPU
		{EF2DD48A-9D38-4DF9-B73B-0187D5B940ED}.Debug|Any CPU.Build.0 = Debug|Any CPU
		{EF2DD48A-9D38-4DF9-B73B-0187D5B940ED}.Release|Any CPU.ActiveCfg = Release|Any CPU
		{EF2DD48A-9D38-4DF9-B73B-0187D5B940ED}.Release|Any CPU.Build.0 = Release|Any CPU
	EndGlobalSection
	GlobalSection(SolutionProperties) = preSolution
		HideSolutionNode = FALSE
	EndGlobalSection
	GlobalSection(ExtensibilityGlobals) = postSolution
		SolutionGuid = {E0680C81-793C-4C5E-BA29-52CED0C08B2F}
	EndGlobalSection
EndGlobal
